github.com/bogi-lyceya-44/task-tracker v0.0.0-20250814200837-37350ecea3a0090e04a57c6f2323ed72ab6156e5 h1:t/Y3eCzU3p2uTS2H4wILPzItvsGFGh4yk73okKKLwFw=
github.com/bufbuild/protoc-gen-validate v0.0.0-20250811094438-b3457d0baa718735d053a42fa465a1c22743eb3c h1:ZZ5JyUkmrj9OBHM+gOCzeL5L/pAKVbsUl051yhhJTjU=
github.com/googleapis/googleapis v0.0.0-20250815101357-185c73c1298818a3092ae10bb9f5af1e55b93729 h1:1a2av45UFTxpN8I/g3gumfuGQHgTP/pCLbtQf2Ti5Qk=
